
Microsoft Visual Studio Solution File, Format Version 12.00
# Visual Studio Version 17
VisualStudioVersion = 17.12.35527.113
MinimumVisualStudioVersion = 10.0.40219.1
Project("{2150E333-8FDC-42A3-9474-1A3956D46DE8}") = "Lesson_02", "Lesson_02", "{66611876-5E6E-4F76-A50E-5D62A2300DB8}"
EndProject
Project("{9A19103F-16F7-4668-BE54-9A1E7A4F7556}") = "Task_02_02", "Task_02_02\Task_02_02.csproj", "{0131B4BE-29AE-4E44-A998-E5AA3F358776}"
EndProject
Project("{9A19103F-16F7-4668-BE54-9A1E7A4F7556}") = "Task_02_04", "Task_02_04\Task_02_04.csproj", "{40A7502E-89B5-4BFC-98B4-9EC3989BFCC6}"
EndProject
Project("{2150E333-8FDC-42A3-9474-1A3956D46DE8}") = "Lesson_03", "Lesson_03", "{E11CE084-ACD4-4C95-86EC-DCF61AF89340}"
EndProject
Project("{9A19103F-16F7-4668-BE54-9A1E7A4F7556}") = "Task_03_05", "Task_03_05\Task_03_05.csproj", "{C6341F59-E1F2-4B14-8B66-4B2BF4746543}"
EndProject
Project("{9A19103F-16F7-4668-BE54-9A1E7A4F7556}") = "Task_03_04", "Task_03_04\Task_03_04.csproj", "{55CD2F0E-87AE-4296-B446-2F21E900AE8E}"
EndProject
Project("{9A19103F-16F7-4668-BE54-9A1E7A4F7556}") = "Task_03_06", "Task_03_06\Task_03_06.csproj", "{44D80286-E6A9-4019-BC20-2D32AFDDD3FF}"
EndProject
Project("{9A19103F-16F7-4668-BE54-9A1E7A4F7556}") = "Task_03_07", "Task_03_07\Task_03_07.csproj", "{783666DF-821C-4832-A161-18576627B9EF}"
EndProject
Project("{9A19103F-16F7-4668-BE54-9A1E7A4F7556}") = "Task_03_08", "Task_03_08\Task_03_08.csproj", "{B208EBEE-BD6A-4432-9629-328808A8620A}"
EndProject
Project("{9A19103F-16F7-4668-BE54-9A1E7A4F7556}") = "Task_03_09", "Task_03_09\Task_03_09.csproj", "{01A50999-B78B-465F-B810-52A7C1654239}"
EndProject
Project("{2150E333-8FDC-42A3-9474-1A3956D46DE8}") = "Lesson_04", "Lesson_04", "{B7862882-48BD-4BF3-B912-5A7B186C0CD1}"
EndProject
Project("{FAE04EC0-301F-11D3-BF4B-00C04F79EFBC}") = "Task_04_05", "Task_04_05\Task_04_05.csproj", "{DB832991-E1F1-4E59-B92C-559C086EBD6E}"
EndProject
Project("{FAE04EC0-301F-11D3-BF4B-00C04F79EFBC}") = "Task_04_06", "Task_04_06\Task_04_06.csproj", "{50503587-255D-4887-8654-D20C7C5E7AB0}"
EndProject
Project("{FAE04EC0-301F-11D3-BF4B-00C04F79EFBC}") = "Task_04_07", "Task_04_07\Task_04_07.csproj", "{1A0F9552-B4B0-48E2-B7E6-751B985E54D2}"
EndProject
Project("{FAE04EC0-301F-11D3-BF4B-00C04F79EFBC}") = "Task_04_08", "Task_04_08\Task_04_08.csproj", "{32BBA846-C801-464F-959D-2F93713F9BD5}"
EndProject
Project("{FAE04EC0-301F-11D3-BF4B-00C04F79EFBC}") = "Task_04_09", "Task_04_09\Task_04_09.csproj", "{5408FB3E-9DDE-4A2D-B91C-B712CF7555C4}"
EndProject
Project("{FAE04EC0-301F-11D3-BF4B-00C04F79EFBC}") = "Task_04_10", "Task_04_10\Task_04_10.csproj", "{9773F5B6-E8D3-4026-A7CA-D7B014190292}"
EndProject
Project("{2150E333-8FDC-42A3-9474-1A3956D46DE8}") = "Lesson_05", "Lesson_05", "{19D16649-CED6-42E5-8E54-539C5CCB9F97}"
EndProject
Project("{FAE04EC0-301F-11D3-BF4B-00C04F79EFBC}") = "Task_05_03", "Task_05_03\Task_05_03.csproj", "{15756475-53A7-4903-8860-5A30AE1B57A7}"
EndProject
Project("{FAE04EC0-301F-11D3-BF4B-00C04F79EFBC}") = "Task_05_04", "Task_05_04\Task_05_04.csproj", "{ADDE1674-9E16-44E4-8A39-3B48AE000A9E}"
EndProject
Project("{FAE04EC0-301F-11D3-BF4B-00C04F79EFBC}") = "Task_05_05", "Task_05_05\Task_05_05.csproj", "{434987FE-F0CB-4417-A88F-68C7A3D9E45A}"
EndProject
Project("{FAE04EC0-301F-11D3-BF4B-00C04F79EFBC}") = "Task_05_06", "Task_05_06\Task_05_06.csproj", "{9F3A5715-247F-4844-809D-E7CB4612042E}"
EndProject
Project("{FAE04EC0-301F-11D3-BF4B-00C04F79EFBC}") = "Task_05_07", "Task_05_07\Task_05_07.csproj", "{1DB62B7A-B6A2-4089-925D-D52A3AE51FC4}"
EndProject
Project("{FAE04EC0-301F-11D3-BF4B-00C04F79EFBC}") = "Task_05_08", "Task_05_08\Task_05_08.csproj", "{CC4032D9-1903-4F65-8493-5B79D1FC53CE}"
EndProject
Project("{FAE04EC0-301F-11D3-BF4B-00C04F79EFBC}") = "Task_05_09", "Task_05_09\Task_05_09.csproj", "{ECD196F5-52B9-40F5-BC32-27BA3E5E8A4F}"
EndProject
Project("{2150E333-8FDC-42A3-9474-1A3956D46DE8}") = "Lesson_10", "Lesson_10", "{ED552995-3DA1-4DB1-BBEF-516E37AD7705}"
EndProject
Project("{FAE04EC0-301F-11D3-BF4B-00C04F79EFBC}") = "Task_10_06", "Task_10_06\Task_10_06.csproj", "{AE7D8ED2-78A9-434C-8A20-75BEEE5A959A}"
EndProject
Project("{FAE04EC0-301F-11D3-BF4B-00C04F79EFBC}") = "Task_10_07", "Task_10_07\Task_10_07.csproj", "{7BD82F27-4F7E-4FCE-8E77-DB4D00B26EE1}"
EndProject
Project("{FAE04EC0-301F-11D3-BF4B-00C04F79EFBC}") = "Task_10_08", "Task_10_08\Task_10_08.csproj", "{598748A0-0CD5-4BAB-BB59-CD4C4547CC41}"
EndProject
Global
	GlobalSection(SolutionConfigurationPlatforms) = preSolution
		Debug|Any CPU = Debug|Any CPU
		Release|Any CPU = Release|Any CPU
	EndGlobalSection
	GlobalSection(ProjectConfigurationPlatforms) = postSolution
		{0131B4BE-29AE-4E44-A998-E5AA3F358776}.Debug|Any CPU.ActiveCfg = Debug|Any CPU
		{0131B4BE-29AE-4E44-A998-E5AA3F358776}.Debug|Any CPU.Build.0 = Debug|Any CPU
		{0131B4BE-29AE-4E44-A998-E5AA3F358776}.Release|Any CPU.ActiveCfg = Release|Any CPU
		{0131B4BE-29AE-4E44-A998-E5AA3F358776}.Release|Any CPU.Build.0 = Release|Any CPU
		{40A7502E-89B5-4BFC-98B4-9EC3989BFCC6}.Debug|Any CPU.ActiveCfg = Debug|Any CPU
		{40A7502E-89B5-4BFC-98B4-9EC3989BFCC6}.Debug|Any CPU.Build.0 = Debug|Any CPU
		{40A7502E-89B5-4BFC-98B4-9EC3989BFCC6}.Release|Any CPU.ActiveCfg = Release|Any CPU
		{40A7502E-89B5-4BFC-98B4-9EC3989BFCC6}.Release|Any CPU.Build.0 = Release|Any CPU
		{C6341F59-E1F2-4B14-8B66-4B2BF4746543}.Debug|Any CPU.ActiveCfg = Debug|Any CPU
		{C6341F59-E1F2-4B14-8B66-4B2BF4746543}.Debug|Any CPU.Build.0 = Debug|Any CPU
		{C6341F59-E1F2-4B14-8B66-4B2BF4746543}.Release|Any CPU.ActiveCfg = Release|Any CPU
		{C6341F59-E1F2-4B14-8B66-4B2BF4746543}.Release|Any CPU.Build.0 = Release|Any CPU
		{55CD2F0E-87AE-4296-B446-2F21E900AE8E}.Debug|Any CPU.ActiveCfg = Debug|Any CPU
		{55CD2F0E-87AE-4296-B446-2F21E900AE8E}.Debug|Any CPU.Build.0 = Debug|Any CPU
		{55CD2F0E-87AE-4296-B446-2F21E900AE8E}.Release|Any CPU.ActiveCfg = Release|Any CPU
		{55CD2F0E-87AE-4296-B446-2F21E900AE8E}.Release|Any CPU.Build.0 = Release|Any CPU
		{44D80286-E6A9-4019-BC20-2D32AFDDD3FF}.Debug|Any CPU.ActiveCfg = Debug|Any CPU
		{44D80286-E6A9-4019-BC20-2D32AFDDD3FF}.Debug|Any CPU.Build.0 = Debug|Any CPU
		{44D80286-E6A9-4019-BC20-2D32AFDDD3FF}.Release|Any CPU.ActiveCfg = Release|Any CPU
		{44D80286-E6A9-4019-BC20-2D32AFDDD3FF}.Release|Any CPU.Build.0 = Release|Any CPU
		{783666DF-821C-4832-A161-18576627B9EF}.Debug|Any CPU.ActiveCfg = Debug|Any CPU
		{783666DF-821C-4832-A161-18576627B9EF}.Debug|Any CPU.Build.0 = Debug|Any CPU
		{783666DF-821C-4832-A161-18576627B9EF}.Release|Any CPU.ActiveCfg = Release|Any CPU
		{783666DF-821C-4832-A161-18576627B9EF}.Release|Any CPU.Build.0 = Release|Any CPU
		{B208EBEE-BD6A-4432-9629-328808A8620A}.Debug|Any CPU.ActiveCfg = Debug|Any CPU
		{B208EBEE-BD6A-4432-9629-328808A8620A}.Debug|Any CPU.Build.0 = Debug|Any CPU
		{B208EBEE-BD6A-4432-9629-328808A8620A}.Release|Any CPU.ActiveCfg = Release|Any CPU
		{B208EBEE-BD6A-4432-9629-328808A8620A}.Release|Any CPU.Build.0 = Release|Any CPU
		{01A50999-B78B-465F-B810-52A7C1654239}.Debug|Any CPU.ActiveCfg = Debug|Any CPU
		{01A50999-B78B-465F-B810-52A7C1654239}.Debug|Any CPU.Build.0 = Debug|Any CPU
		{01A50999-B78B-465F-B810-52A7C1654239}.Release|Any CPU.ActiveCfg = Release|Any CPU
		{01A50999-B78B-465F-B810-52A7C1654239}.Release|Any CPU.Build.0 = Release|Any CPU
		{DB832991-E1F1-4E59-B92C-559C086EBD6E}.Debug|Any CPU.ActiveCfg = Debug|Any CPU
		{DB832991-E1F1-4E59-B92C-559C086EBD6E}.Debug|Any CPU.Build.0 = Debug|Any CPU
		{DB832991-E1F1-4E59-B92C-559C086EBD6E}.Release|Any CPU.ActiveCfg = Release|Any CPU
		{DB832991-E1F1-4E59-B92C-559C086EBD6E}.Release|Any CPU.Build.0 = Release|Any CPU
		{50503587-255D-4887-8654-D20C7C5E7AB0}.Debug|Any CPU.ActiveCfg = Debug|Any CPU
		{50503587-255D-4887-8654-D20C7C5E7AB0}.Debug|Any CPU.Build.0 = Debug|Any CPU
		{50503587-255D-4887-8654-D20C7C5E7AB0}.Release|Any CPU.ActiveCfg = Release|Any CPU
		{50503587-255D-4887-8654-D20C7C5E7AB0}.Release|Any CPU.Build.0 = Release|Any CPU
		{1A0F9552-B4B0-48E2-B7E6-751B985E54D2}.Debug|Any CPU.ActiveCfg = Debug|Any CPU
		{1A0F9552-B4B0-48E2-B7E6-751B985E54D2}.Debug|Any CPU.Build.0 = Debug|Any CPU
		{1A0F9552-B4B0-48E2-B7E6-751B985E54D2}.Release|Any CPU.ActiveCfg = Release|Any CPU
		{1A0F9552-B4B0-48E2-B7E6-751B985E54D2}.Release|Any CPU.Build.0 = Release|Any CPU
		{32BBA846-C801-464F-959D-2F93713F9BD5}.Debug|Any CPU.ActiveCfg = Debug|Any CPU
		{32BBA846-C801-464F-959D-2F93713F9BD5}.Debug|Any CPU.Build.0 = Debug|Any CPU
		{32BBA846-C801-464F-959D-2F93713F9BD5}.Release|Any CPU.ActiveCfg = Release|Any CPU
		{32BBA846-C801-464F-959D-2F93713F9BD5}.Release|Any CPU.Build.0 = Release|Any CPU
		{5408FB3E-9DDE-4A2D-B91C-B712CF7555C4}.Debug|Any CPU.ActiveCfg = Debug|Any CPU
		{5408FB3E-9DDE-4A2D-B91C-B712CF7555C4}.Debug|Any CPU.Build.0 = Debug|Any CPU
		{5408FB3E-9DDE-4A2D-B91C-B712CF7555C4}.Release|Any CPU.ActiveCfg = Release|Any CPU
		{5408FB3E-9DDE-4A2D-B91C-B712CF7555C4}.Release|Any CPU.Build.0 = Release|Any CPU
		{9773F5B6-E8D3-4026-A7CA-D7B014190292}.Debug|Any CPU.ActiveCfg = Debug|Any CPU
		{9773F5B6-E8D3-4026-A7CA-D7B014190292}.Debug|Any CPU.Build.0 = Debug|Any CPU
		{9773F5B6-E8D3-4026-A7CA-D7B014190292}.Release|Any CPU.ActiveCfg = Release|Any CPU
		{9773F5B6-E8D3-4026-A7CA-D7B014190292}.Release|Any CPU.Build.0 = Release|Any CPU
		{15756475-53A7-4903-8860-5A30AE1B57A7}.Debug|Any CPU.ActiveCfg = Debug|Any CPU
		{15756475-53A7-4903-8860-5A30AE1B57A7}.Debug|Any CPU.Build.0 = Debug|Any CPU
		{15756475-53A7-4903-8860-5A30AE1B57A7}.Release|Any CPU.ActiveCfg = Release|Any CPU
		{15756475-53A7-4903-8860-5A30AE1B57A7}.Release|Any CPU.Build.0 = Release|Any CPU
		{ADDE1674-9E16-44E4-8A39-3B48AE000A9E}.Debug|Any CPU.ActiveCfg = Debug|Any CPU
		{ADDE1674-9E16-44E4-8A39-3B48AE000A9E}.Debug|Any CPU.Build.0 = Debug|Any CPU
		{ADDE1674-9E16-44E4-8A39-3B48AE000A9E}.Release|Any CPU.ActiveCfg = Release|Any CPU
		{ADDE1674-9E16-44E4-8A39-3B48AE000A9E}.Release|Any CPU.Build.0 = Release|Any CPU
		{434987FE-F0CB-4417-A88F-68C7A3D9E45A}.Debug|Any CPU.ActiveCfg = Debug|Any CPU
		{434987FE-F0CB-4417-A88F-68C7A3D9E45A}.Debug|Any CPU.Build.0 = Debug|Any CPU
		{434987FE-F0CB-4417-A88F-68C7A3D9E45A}.Release|Any CPU.ActiveCfg = Release|Any CPU
		{434987FE-F0CB-4417-A88F-68C7A3D9E45A}.Release|Any CPU.Build.0 = Release|Any CPU
		{9F3A5715-247F-4844-809D-E7CB4612042E}.Debug|Any CPU.ActiveCfg = Debug|Any CPU
		{9F3A5715-247F-4844-809D-E7CB4612042E}.Debug|Any CPU.Build.0 = Debug|Any CPU
		{9F3A5715-247F-4844-809D-E7CB4612042E}.Release|Any CPU.ActiveCfg = Release|Any CPU
		{9F3A5715-247F-4844-809D-E7CB4612042E}.Release|Any CPU.Build.0 = Release|Any CPU
		{1DB62B7A-B6A2-4089-925D-D52A3AE51FC4}.Debug|Any CPU.ActiveCfg = Debug|Any CPU
		{1DB62B7A-B6A2-4089-925D-D52A3AE51FC4}.Debug|Any CPU.Build.0 = Debug|Any CPU
		{1DB62B7A-B6A2-4089-925D-D52A3AE51FC4}.Release|Any CPU.ActiveCfg = Release|Any CPU
		{1DB62B7A-B6A2-4089-925D-D52A3AE51FC4}.Release|Any CPU.Build.0 = Release|Any CPU
		{CC4032D9-1903-4F65-8493-5B79D1FC53CE}.Debug|Any CPU.ActiveCfg = Debug|Any CPU
		{CC4032D9-1903-4F65-8493-5B79D1FC53CE}.Debug|Any CPU.Build.0 = Debug|Any CPU
		{CC4032D9-1903-4F65-8493-5B79D1FC53CE}.Release|Any CPU.ActiveCfg = Release|Any CPU
		{CC4032D9-1903-4F65-8493-5B79D1FC53CE}.Release|Any CPU.Build.0 = Release|Any CPU
		{ECD196F5-52B9-40F5-BC32-27BA3E5E8A4F}.Debug|Any CPU.ActiveCfg = Debug|Any CPU
		{ECD196F5-52B9-40F5-BC32-27BA3E5E8A4F}.Debug|Any CPU.Build.0 = Debug|Any CPU
		{ECD196F5-52B9-40F5-BC32-27BA3E5E8A4F}.Release|Any CPU.ActiveCfg = Release|Any CPU
		{ECD196F5-52B9-40F5-BC32-27BA3E5E8A4F}.Release|Any CPU.Build.0 = Release|Any CPU
		{AE7D8ED2-78A9-434C-8A20-75BEEE5A959A}.Debug|Any CPU.ActiveCfg = Debug|Any CPU
		{AE7D8ED2-78A9-434C-8A20-75BEEE5A959A}.Debug|Any CPU.Build.0 = Debug|Any CPU
		{AE7D8ED2-78A9-434C-8A20-75BEEE5A959A}.Release|Any CPU.ActiveCfg = Release|Any CPU
		{AE7D8ED2-78A9-434C-8A20-75BEEE5A959A}.Release|Any CPU.Build.0 = Release|Any CPU
		{7BD82F27-4F7E-4FCE-8E77-DB4D00B26EE1}.Debug|Any CPU.ActiveCfg = Debug|Any CPU
		{7BD82F27-4F7E-4FCE-8E77-DB4D00B26EE1}.Debug|Any CPU.Build.0 = Debug|Any CPU
		{7BD82F27-4F7E-4FCE-8E77-DB4D00B26EE1}.Release|Any CPU.ActiveCfg = Release|Any CPU
		{7BD82F27-4F7E-4FCE-8E77-DB4D00B26EE1}.Release|Any CPU.Build.0 = Release|Any CPU
		{598748A0-0CD5-4BAB-BB59-CD4C4547CC41}.Debug|Any CPU.ActiveCfg = Debug|Any CPU
		{598748A0-0CD5-4BAB-BB59-CD4C4547CC41}.Debug|Any CPU.Build.0 = Debug|Any CPU
		{598748A0-0CD5-4BAB-BB59-CD4C4547CC41}.Release|Any CPU.ActiveCfg = Release|Any CPU
		{598748A0-0CD5-4BAB-BB59-CD4C4547CC41}.Release|Any CPU.Build.0 = Release|Any CPU
	EndGlobalSection
	GlobalSection(SolutionProperties) = preSolution
		HideSolutionNode = FALSE
	EndGlobalSection
	GlobalSection(NestedProjects) = preSolution
		{0131B4BE-29AE-4E44-A998-E5AA3F358776} = {66611876-5E6E-4F76-A50E-5D62A2300DB8}
		{40A7502E-89B5-4BFC-98B4-9EC3989BFCC6} = {66611876-5E6E-4F76-A50E-5D62A2300DB8}
		{C6341F59-E1F2-4B14-8B66-4B2BF4746543} = {E11CE084-ACD4-4C95-86EC-DCF61AF89340}
		{55CD2F0E-87AE-4296-B446-2F21E900AE8E} = {E11CE084-ACD4-4C95-86EC-DCF61AF89340}
		{44D80286-E6A9-4019-BC20-2D32AFDDD3FF} = {E11CE084-ACD4-4C95-86EC-DCF61AF89340}
		{783666DF-821C-4832-A161-18576627B9EF} = {E11CE084-ACD4-4C95-86EC-DCF61AF89340}
		{B208EBEE-BD6A-4432-9629-328808A8620A} = {E11CE084-ACD4-4C95-86EC-DCF61AF89340}
		{01A50999-B78B-465F-B810-52A7C1654239} = {E11CE084-ACD4-4C95-86EC-DCF61AF89340}
		{DB832991-E1F1-4E59-B92C-559C086EBD6E} = {B7862882-48BD-4BF3-B912-5A7B186C0CD1}
		{50503587-255D-4887-8654-D20C7C5E7AB0} = {B7862882-48BD-4BF3-B912-5A7B186C0CD1}
		{1A0F9552-B4B0-48E2-B7E6-751B985E54D2} = {B7862882-48BD-4BF3-B912-5A7B186C0CD1}
		{32BBA846-C801-464F-959D-2F93713F9BD5} = {B7862882-48BD-4BF3-B912-5A7B186C0CD1}
		{5408FB3E-9DDE-4A2D-B91C-B712CF7555C4} = {B7862882-48BD-4BF3-B912-5A7B186C0CD1}
		{9773F5B6-E8D3-4026-A7CA-D7B014190292} = {B7862882-48BD-4BF3-B912-5A7B186C0CD1}
		{15756475-53A7-4903-8860-5A30AE1B57A7} = {19D16649-CED6-42E5-8E54-539C5CCB9F97}
		{ADDE1674-9E16-44E4-8A39-3B48AE000A9E} = {19D16649-CED6-42E5-8E54-539C5CCB9F97}
		{434987FE-F0CB-4417-A88F-68C7A3D9E45A} = {19D16649-CED6-42E5-8E54-539C5CCB9F97}
		{9F3A5715-247F-4844-809D-E7CB4612042E} = {19D16649-CED6-42E5-8E54-539C5CCB9F97}
		{1DB62B7A-B6A2-4089-925D-D52A3AE51FC4} = {19D16649-CED6-42E5-8E54-539C5CCB9F97}
		{CC4032D9-1903-4F65-8493-5B79D1FC53CE} = {19D16649-CED6-42E5-8E54-539C5CCB9F97}
		{ECD196F5-52B9-40F5-BC32-27BA3E5E8A4F} = {19D16649-CED6-42E5-8E54-539C5CCB9F97}
		{AE7D8ED2-78A9-434C-8A20-75BEEE5A959A} = {ED552995-3DA1-4DB1-BBEF-516E37AD7705}
		{7BD82F27-4F7E-4FCE-8E77-DB4D00B26EE1} = {ED552995-3DA1-4DB1-BBEF-516E37AD7705}
		{598748A0-0CD5-4BAB-BB59-CD4C4547CC41} = {ED552995-3DA1-4DB1-BBEF-516E37AD7705}
	EndGlobalSection
	GlobalSection(ExtensibilityGlobals) = postSolution
		SolutionGuid = {AE8B6592-3EE0-492E-8D2A-51A2FFBE7047}
	EndGlobalSection
EndGlobal
