
Microsoft Visual Studio Solution File, Format Version 12.00
# Visual Studio Version 17
VisualStudioVersion = 17.12.35527.113
MinimumVisualStudioVersion = 10.0.40219.1
Project("{2150E333-8FDC-42A3-9474-1A3956D46DE8}") = "Lesson_02", "Lesson_02", "{66611876-5E6E-4F76-A50E-5D62A2300DB8}"
EndProject
Project("{9A19103F-16F7-4668-BE54-9A1E7A4F7556}") = "Task_02_02", "Task_02_02\Task_02_02.csproj", "{0131B4BE-29AE-4E44-A998-E5AA3F358776}"
EndProject
Project("{9A19103F-16F7-4668-BE54-9A1E7A4F7556}") = "Task_02_04", "Task_02_04\Task_02_04.csproj", "{40A7502E-89B5-4BFC-98B4-9EC3989BFCC6}"
EndProject
Project("{2150E333-8FDC-42A3-9474-1A3956D46DE8}") = "Lesson_03", "Lesson_03", "{E11CE084-ACD4-4C95-86EC-DCF61AF89340}"
EndProject
Project("{9A19103F-16F7-4668-BE54-9A1E7A4F7556}") = "Task_03_05", "Task_03_05\Task_03_05.csproj", "{C6341F59-E1F2-4B14-8B66-4B2BF4746543}"
EndProject
Project("{9A19103F-16F7-4668-BE54-9A1E7A4F7556}") = "Task_03_04", "Task_03_04\Task_03_04.csproj", "{55CD2F0E-87AE-4296-B446-2F21E900AE8E}"
EndProject
Project("{9A19103F-16F7-4668-BE54-9A1E7A4F7556}") = "Task_03_06", "Task_03_06\Task_03_06.csproj", "{44D80286-E6A9-4019-BC20-2D32AFDDD3FF}"
EndProject
Project("{9A19103F-16F7-4668-BE54-9A1E7A4F7556}") = "Task_03_07", "Task_03_07\Task_03_07.csproj", "{783666DF-821C-4832-A161-18576627B9EF}"
EndProject
Project("{9A19103F-16F7-4668-BE54-9A1E7A4F7556}") = "Task_03_08", "Task_03_08\Task_03_08.csproj", "{B208EBEE-BD6A-4432-9629-328808A8620A}"
EndProject
Project("{9A19103F-16F7-4668-BE54-9A1E7A4F7556}") = "Task_03_09", "Task_03_09\Task_03_09.csproj", "{01A50999-B78B-465F-B810-52A7C1654239}"
EndProject
Project("{2150E333-8FDC-42A3-9474-1A3956D46DE8}") = "Lesson_04", "Lesson_04", "{B7862882-48BD-4BF3-B912-5A7B186C0CD1}"
EndProject
Project("{FAE04EC0-301F-11D3-BF4B-00C04F79EFBC}") = "Task_04_05", "Task_04_05\Task_04_05.csproj", "{DB832991-E1F1-4E59-B92C-559C086EBD6E}"
EndProject
Project("{FAE04EC0-301F-11D3-BF4B-00C04F79EFBC}") = "Task_04_06", "Task_04_06\Task_04_06.csproj", "{50503587-255D-4887-8654-D20C7C5E7AB0}"
EndProject
Project("{FAE04EC0-301F-11D3-BF4B-00C04F79EFBC}") = "Task_04_07", "Task_04_07\Task_04_07.csproj", "{1A0F9552-B4B0-48E2-B7E6-751B985E54D2}"
EndProject
Project("{FAE04EC0-301F-11D3-BF4B-00C04F79EFBC}") = "Task_04_08", "Task_04_08\Task_04_08.csproj", "{32BBA846-C801-464F-959D-2F93713F9BD5}"
EndProject
Project("{FAE04EC0-301F-11D3-BF4B-00C04F79EFBC}") = "Task_04_09", "Task_04_09\Task_04_09.csproj", "{5408FB3E-9DDE-4A2D-B91C-B712CF7555C4}"
EndProject
Project("{FAE04EC0-301F-11D3-BF4B-00C04F79EFBC}") = "Task_04_10", "Task_04_10\Task_04_10.csproj", "{9773F5B6-E8D3-4026-A7CA-D7B014190292}"
EndProject
Project("{2150E333-8FDC-42A3-9474-1A3956D46DE8}") = "Lesson_05", "Lesson_05", "{19D16649-CED6-42E5-8E54-539C5CCB9F97}"
EndProject
Project("{FAE04EC0-301F-11D3-BF4B-00C04F79EFBC}") = "Task_05_03", "Task_05_03\Task_05_03.csproj", "{15756475-53A7-4903-8860-5A30AE1B57A7}"
EndProject
Project("{FAE04EC0-301F-11D3-BF4B-00C04F79EFBC}") = "Task_05_04", "Task_05_04\Task_05_04.csproj", "{ADDE1674-9E16-44E4-8A39-3B48AE000A9E}"
EndProject
Project("{FAE04EC0-301F-11D3-BF4B-00C04F79EFBC}") = "Task_05_05", "Task_05_05\Task_05_05.csproj", "{434987FE-F0CB-4417-A88F-68C7A3D9E45A}"
EndProject
Project("{FAE04EC0-301F-11D3-BF4B-00C04F79EFBC}") = "Task_05_06", "Task_05_06\Task_05_06.csproj", "{9F3A5715-247F-4844-809D-E7CB4612042E}"
EndProject
Project("{FAE04EC0-301F-11D3-BF4B-00C04F79EFBC}") = "Task_05_07", "Task_05_07\Task_05_07.csproj", "{1DB62B7A-B6A2-4089-925D-D52A3AE51FC4}"
EndProject
Project("{FAE04EC0-301F-11D3-BF4B-00C04F79EFBC}") = "Task_05_08", "Task_05_08\Task_05_08.csproj", "{CC4032D9-1903-4F65-8493-5B79D1FC53CE}"
EndProject
Project("{FAE04EC0-301F-11D3-BF4B-00C04F79EFBC}") = "Task_05_09", "Task_05_09\Task_05_09.csproj", "{ECD196F5-52B9-40F5-BC32-27BA3E5E8A4F}"
EndProject
Project("{2150E333-8FDC-42A3-9474-1A3956D46DE8}") = "Lesson_10", "Lesson_10", "{ED552995-3DA1-4DB1-BBEF-516E37AD7705}"
EndProject
Project("{FAE04EC0-301F-11D3-BF4B-00C04F79EFBC}") = "Task_10_06", "Task_10_06\Task_10_06.csproj", "{AE7D8ED2-78A9-434C-8A20-75BEEE5A959A}"
EndProject
Project("{FAE04EC0-301F-11D3-BF4B-00C04F79EFBC}") = "Task_10_07", "Task_10_07\Task_10_07.csproj", "{7BD82F27-4F7E-4FCE-8E77-DB4D00B26EE1}"
EndProject
Project("{FAE04EC0-301F-11D3-BF4B-00C04F79EFBC}") = "Task_10_08", "Task_10_08\Task_10_08.csproj", "{598748A0-0CD5-4BAB-BB59-CD4C4547CC41}"
EndProject
Project("{2150E333-8FDC-42A3-9474-1A3956D46DE8}") = "Lesson_11", "Lesson_11", "{EF6C1F66-83C9-4B15-B223-B6B5790EBDDD}"
EndProject
Project("{FAE04EC0-301F-11D3-BF4B-00C04F79EFBC}") = "Task_11_01", "Task_11_01\Task_11_01.csproj", "{21317F4A-87D0-4C0D-B271-BF85FBCB91D2}"
EndProject
Project("{FAE04EC0-301F-11D3-BF4B-00C04F79EFBC}") = "Task_11_02", "Task_11_02\Task_11_02.csproj", "{5A66763E-8351-4E9B-B18D-63C31AA8EFA7}"
EndProject
Project("{FAE04EC0-301F-11D3-BF4B-00C04F79EFBC}") = "Task_11_03", "Task_11_03\Task_11_03.csproj", "{2F679046-AE4B-48AD-8FC0-F51B41E119A7}"
EndProject
Project("{FAE04EC0-301F-11D3-BF4B-00C04F79EFBC}") = "Task_11_04", "Task_11_04\Task_11_04.csproj", "{24BEF0C3-4199-4FFA-B560-5159B68EC114}"
EndProject
Project("{FAE04EC0-301F-11D3-BF4B-00C04F79EFBC}") = "Task_11_05", "Task_11_05\Task_11_05.csproj", "{640173ED-2CC5-4FF5-8A6D-14AE5461503F}"
EndProject
Project("{FAE04EC0-301F-11D3-BF4B-00C04F79EFBC}") = "Task_11_06", "Task_11_06\Task_11_06.csproj", "{DE16857A-74CD-4EE8-91E1-F8C9AC39E33C}"
EndProject
Project("{2150E333-8FDC-42A3-9474-1A3956D46DE8}") = "Lesson_13", "Lesson_13", "{4AC06CBC-4BA5-41FF-A4AA-4A314EA2ACDA}"
EndProject
Project("{FAE04EC0-301F-11D3-BF4B-00C04F79EFBC}") = "Task_13_02", "Task_13_02\Task_13_02.csproj", "{1700BA60-1876-46C2-A30B-FBA439F8BFCB}"
EndProject
Project("{FAE04EC0-301F-11D3-BF4B-00C04F79EFBC}") = "Task_13_03", "Task_13_03\Task_13_03.csproj", "{ABB9825D-5EBF-4817-A82F-2A6E085AE66C}"
EndProject
Project("{2150E333-8FDC-42A3-9474-1A3956D46DE8}") = "Lesson_14", "Lesson_14", "{3BBCAF85-CE9A-4807-91BF-B02410A1FD35}"
EndProject
Project("{FAE04EC0-301F-11D3-BF4B-00C04F79EFBC}") = "Task_14_03", "Task_14_03\Task_14_03.csproj", "{14379ACB-3154-4EEA-8FC0-CD320712C058}"
EndProject
Project("{FAE04EC0-301F-11D3-BF4B-00C04F79EFBC}") = "Task_14_04", "Task_14_04\Task_14_04.csproj", "{5F8038AA-32D2-49C2-ABA0-602FB799CAFC}"
EndProject
Project("{2150E333-8FDC-42A3-9474-1A3956D46DE8}") = "Lesson_12", "Lesson_12", "{36D591C7-65C7-A0D1-1CBC-10CDE441BDC8}"
EndProject
Project("{FAE04EC0-301F-11D3-BF4B-00C04F79EFBC}") = "Task_12_01", "Task_12_01\Task_12_01.csproj", "{08AD79EA-F3F6-438E-90D8-8EB4F0117E42}"
EndProject
Project("{FAE04EC0-301F-11D3-BF4B-00C04F79EFBC}") = "Task_12_02", "Task_12_02\Task_12_02.csproj", "{2830ABAD-CFA8-4C3A-9B5A-BE30774153DE}"
EndProject
Project("{2150E333-8FDC-42A3-9474-1A3956D46DE8}") = "Lesson_20", "Lesson_20", "{87219943-6E5D-40F7-90EA-A21ED1D04728}"
EndProject
Project("{FAE04EC0-301F-11D3-BF4B-00C04F79EFBC}") = "Task_20_03", "Task_20_03\Task_20_03.csproj", "{685564D0-C88B-417D-B795-D2BF812191EC}"
EndProject
Project("{FAE04EC0-301F-11D3-BF4B-00C04F79EFBC}") = "Task_20_04", "Task_20_04\Task_20_04.csproj", "{22A2C153-5E4B-4481-8443-029649AFDBC2}"
EndProject
Project("{FAE04EC0-301F-11D3-BF4B-00C04F79EFBC}") = "Task_20_05", "Task_20_05\Task_20_05.csproj", "{41D1FDE8-4D3A-4B7D-A052-C24C342F0365}"
EndProject
Project("{FAE04EC0-301F-11D3-BF4B-00C04F79EFBC}") = "Task_20_06", "Task_20_06\Task_20_06.csproj", "{DC4D0B26-9E8C-4215-A0F2-E6B1198833FA}"
EndProject
Project("{2150E333-8FDC-42A3-9474-1A3956D46DE8}") = "Lesson_21", "Lesson_21", "{E297CE3E-4B8C-4A6E-ADB1-4A810BC6CCD1}"
EndProject
Project("{FAE04EC0-301F-11D3-BF4B-00C04F79EFBC}") = "Task_21_06", "Task_21_06\Task_21_06.csproj", "{B90C06EF-3A33-4DC9-A0F6-A16D83B097E7}"
EndProject
Project("{FAE04EC0-301F-11D3-BF4B-00C04F79EFBC}") = "Task_21_07", "Task_21_07\Task_21_07.csproj", "{BAE6AC64-3424-4564-A9BB-A1BA1FACBBF7}"
EndProject
Project("{FAE04EC0-301F-11D3-BF4B-00C04F79EFBC}") = "Task_21_08", "Task_21_08\Task_21_08.csproj", "{32C59FA5-E8D4-41FD-B5C9-DB0FE341C364}"
EndProject
Project("{FAE04EC0-301F-11D3-BF4B-00C04F79EFBC}") = "Task_21_09", "Task_21_09\Task_21_09.csproj", "{11D95D33-2F6C-4EB6-9501-1C67AD0032F9}"
EndProject
Project("{FAE04EC0-301F-11D3-BF4B-00C04F79EFBC}") = "Task_21_10", "Task_21_10\Task_21_10.csproj", "{FCB4662D-BE20-4436-A3B2-E5A2969E37A5}"
EndProject
Project("{2150E333-8FDC-42A3-9474-1A3956D46DE8}") = "Lesson_23", "Lesson_23", "{C294B290-20D2-4E9C-B5C9-B28AC2206987}"
EndProject
Project("{FAE04EC0-301F-11D3-BF4B-00C04F79EFBC}") = "Task_23_06", "Task_23_06\Task_23_06.csproj", "{A8DA7BCD-E062-44D9-9FEC-576D1B49E048}"
EndProject
Project("{2150E333-8FDC-42A3-9474-1A3956D46DE8}") = "Lesson_24", "Lesson_24", "{D93CE407-13CD-4A78-912E-078303341F16}"
EndProject
Project("{FAE04EC0-301F-11D3-BF4B-00C04F79EFBC}") = "Task_24_06", "Task_24_06\Task_24_06.csproj", "{1B8AF7C7-0C52-435E-AA7A-FACDB12BCE72}"
EndProject
Project("{FAE04EC0-301F-11D3-BF4B-00C04F79EFBC}") = "Task_24_07", "Task_24_07\Task_24_07.csproj", "{9D1ADB51-C97B-4575-BA9F-067D7093EC75}"
EndProject
Project("{FAE04EC0-301F-11D3-BF4B-00C04F79EFBC}") = "Task_24_08", "Task_24_08\Task_24_08.csproj", "{BCF42137-DCBA-452A-AD56-4CF0E16DA27C}"
EndProject
Project("{2150E333-8FDC-42A3-9474-1A3956D46DE8}") = "Lesson_32", "Lesson_32", "{90A01CE3-8EDF-4E35-BB39-18FB0A79A491}"
EndProject
Project("{FAE04EC0-301F-11D3-BF4B-00C04F79EFBC}") = "Task_32_01", "Task_32_01\Task_32_01.csproj", "{0DF2056F-9676-4448-8E7D-C1518915E76C}"
EndProject
Project("{2150E333-8FDC-42A3-9474-1A3956D46DE8}") = "Lesson_33", "Lesson_33", "{7D92C979-E319-491A-8186-7FA4AA0600C4}"
EndProject
Project("{FAE04EC0-301F-11D3-BF4B-00C04F79EFBC}") = "Task_33_01", "Task_33_01\Task_33_01.csproj", "{37CC1D4B-FED3-4ABF-A650-5E3B1D4BCFFA}"
EndProject
Project("{2150E333-8FDC-42A3-9474-1A3956D46DE8}") = "Lesson_38", "Lesson_38", "{792575F9-3686-4294-B1B2-68F2F36AAB04}"
EndProject
Project("{FAE04EC0-301F-11D3-BF4B-00C04F79EFBC}") = "Task_38_04", "Task_38_04\Task_38_04.csproj", "{D5863489-C197-467B-A1F9-6331B9706B4F}"
EndProject
Global
	GlobalSection(SolutionConfigurationPlatforms) = preSolution
		Debug|Any CPU = Debug|Any CPU
		Release|Any CPU = Release|Any CPU
	EndGlobalSection
	GlobalSection(ProjectConfigurationPlatforms) = postSolution
		{0131B4BE-29AE-4E44-A998-E5AA3F358776}.Debug|Any CPU.ActiveCfg = Debug|Any CPU
		{0131B4BE-29AE-4E44-A998-E5AA3F358776}.Debug|Any CPU.Build.0 = Debug|Any CPU
		{0131B4BE-29AE-4E44-A998-E5AA3F358776}.Release|Any CPU.ActiveCfg = Release|Any CPU
		{0131B4BE-29AE-4E44-A998-E5AA3F358776}.Release|Any CPU.Build.0 = Release|Any CPU
		{40A7502E-89B5-4BFC-98B4-9EC3989BFCC6}.Debug|Any CPU.ActiveCfg = Debug|Any CPU
		{40A7502E-89B5-4BFC-98B4-9EC3989BFCC6}.Debug|Any CPU.Build.0 = Debug|Any CPU
		{40A7502E-89B5-4BFC-98B4-9EC3989BFCC6}.Release|Any CPU.ActiveCfg = Release|Any CPU
		{40A7502E-89B5-4BFC-98B4-9EC3989BFCC6}.Release|Any CPU.Build.0 = Release|Any CPU
		{C6341F59-E1F2-4B14-8B66-4B2BF4746543}.Debug|Any CPU.ActiveCfg = Debug|Any CPU
		{C6341F59-E1F2-4B14-8B66-4B2BF4746543}.Debug|Any CPU.Build.0 = Debug|Any CPU
		{C6341F59-E1F2-4B14-8B66-4B2BF4746543}.Release|Any CPU.ActiveCfg = Release|Any CPU
		{C6341F59-E1F2-4B14-8B66-4B2BF4746543}.Release|Any CPU.Build.0 = Release|Any CPU
		{55CD2F0E-87AE-4296-B446-2F21E900AE8E}.Debug|Any CPU.ActiveCfg = Debug|Any CPU
		{55CD2F0E-87AE-4296-B446-2F21E900AE8E}.Debug|Any CPU.Build.0 = Debug|Any CPU
		{55CD2F0E-87AE-4296-B446-2F21E900AE8E}.Release|Any CPU.ActiveCfg = Release|Any CPU
		{55CD2F0E-87AE-4296-B446-2F21E900AE8E}.Release|Any CPU.Build.0 = Release|Any CPU
		{44D80286-E6A9-4019-BC20-2D32AFDDD3FF}.Debug|Any CPU.ActiveCfg = Debug|Any CPU
		{44D80286-E6A9-4019-BC20-2D32AFDDD3FF}.Debug|Any CPU.Build.0 = Debug|Any CPU
		{44D80286-E6A9-4019-BC20-2D32AFDDD3FF}.Release|Any CPU.ActiveCfg = Release|Any CPU
		{44D80286-E6A9-4019-BC20-2D32AFDDD3FF}.Release|Any CPU.Build.0 = Release|Any CPU
		{783666DF-821C-4832-A161-18576627B9EF}.Debug|Any CPU.ActiveCfg = Debug|Any CPU
		{783666DF-821C-4832-A161-18576627B9EF}.Debug|Any CPU.Build.0 = Debug|Any CPU
		{783666DF-821C-4832-A161-18576627B9EF}.Release|Any CPU.ActiveCfg = Release|Any CPU
		{783666DF-821C-4832-A161-18576627B9EF}.Release|Any CPU.Build.0 = Release|Any CPU
		{B208EBEE-BD6A-4432-9629-328808A8620A}.Debug|Any CPU.ActiveCfg = Debug|Any CPU
		{B208EBEE-BD6A-4432-9629-328808A8620A}.Debug|Any CPU.Build.0 = Debug|Any CPU
		{B208EBEE-BD6A-4432-9629-328808A8620A}.Release|Any CPU.ActiveCfg = Release|Any CPU
		{B208EBEE-BD6A-4432-9629-328808A8620A}.Release|Any CPU.Build.0 = Release|Any CPU
		{01A50999-B78B-465F-B810-52A7C1654239}.Debug|Any CPU.ActiveCfg = Debug|Any CPU
		{01A50999-B78B-465F-B810-52A7C1654239}.Debug|Any CPU.Build.0 = Debug|Any CPU
		{01A50999-B78B-465F-B810-52A7C1654239}.Release|Any CPU.ActiveCfg = Release|Any CPU
		{01A50999-B78B-465F-B810-52A7C1654239}.Release|Any CPU.Build.0 = Release|Any CPU
		{DB832991-E1F1-4E59-B92C-559C086EBD6E}.Debug|Any CPU.ActiveCfg = Debug|Any CPU
		{DB832991-E1F1-4E59-B92C-559C086EBD6E}.Debug|Any CPU.Build.0 = Debug|Any CPU
		{DB832991-E1F1-4E59-B92C-559C086EBD6E}.Release|Any CPU.ActiveCfg = Release|Any CPU
		{DB832991-E1F1-4E59-B92C-559C086EBD6E}.Release|Any CPU.Build.0 = Release|Any CPU
		{50503587-255D-4887-8654-D20C7C5E7AB0}.Debug|Any CPU.ActiveCfg = Debug|Any CPU
		{50503587-255D-4887-8654-D20C7C5E7AB0}.Debug|Any CPU.Build.0 = Debug|Any CPU
		{50503587-255D-4887-8654-D20C7C5E7AB0}.Release|Any CPU.ActiveCfg = Release|Any CPU
		{50503587-255D-4887-8654-D20C7C5E7AB0}.Release|Any CPU.Build.0 = Release|Any CPU
		{1A0F9552-B4B0-48E2-B7E6-751B985E54D2}.Debug|Any CPU.ActiveCfg = Debug|Any CPU
		{1A0F9552-B4B0-48E2-B7E6-751B985E54D2}.Debug|Any CPU.Build.0 = Debug|Any CPU
		{1A0F9552-B4B0-48E2-B7E6-751B985E54D2}.Release|Any CPU.ActiveCfg = Release|Any CPU
		{1A0F9552-B4B0-48E2-B7E6-751B985E54D2}.Release|Any CPU.Build.0 = Release|Any CPU
		{32BBA846-C801-464F-959D-2F93713F9BD5}.Debug|Any CPU.ActiveCfg = Debug|Any CPU
		{32BBA846-C801-464F-959D-2F93713F9BD5}.Debug|Any CPU.Build.0 = Debug|Any CPU
		{32BBA846-C801-464F-959D-2F93713F9BD5}.Release|Any CPU.ActiveCfg = Release|Any CPU
		{32BBA846-C801-464F-959D-2F93713F9BD5}.Release|Any CPU.Build.0 = Release|Any CPU
		{5408FB3E-9DDE-4A2D-B91C-B712CF7555C4}.Debug|Any CPU.ActiveCfg = Debug|Any CPU
		{5408FB3E-9DDE-4A2D-B91C-B712CF7555C4}.Debug|Any CPU.Build.0 = Debug|Any CPU
		{5408FB3E-9DDE-4A2D-B91C-B712CF7555C4}.Release|Any CPU.ActiveCfg = Release|Any CPU
		{5408FB3E-9DDE-4A2D-B91C-B712CF7555C4}.Release|Any CPU.Build.0 = Release|Any CPU
		{9773F5B6-E8D3-4026-A7CA-D7B014190292}.Debug|Any CPU.ActiveCfg = Debug|Any CPU
		{9773F5B6-E8D3-4026-A7CA-D7B014190292}.Debug|Any CPU.Build.0 = Debug|Any CPU
		{9773F5B6-E8D3-4026-A7CA-D7B014190292}.Release|Any CPU.ActiveCfg = Release|Any CPU
		{9773F5B6-E8D3-4026-A7CA-D7B014190292}.Release|Any CPU.Build.0 = Release|Any CPU
		{15756475-53A7-4903-8860-5A30AE1B57A7}.Debug|Any CPU.ActiveCfg = Debug|Any CPU
		{15756475-53A7-4903-8860-5A30AE1B57A7}.Debug|Any CPU.Build.0 = Debug|Any CPU
		{15756475-53A7-4903-8860-5A30AE1B57A7}.Release|Any CPU.ActiveCfg = Release|Any CPU
		{15756475-53A7-4903-8860-5A30AE1B57A7}.Release|Any CPU.Build.0 = Release|Any CPU
		{ADDE1674-9E16-44E4-8A39-3B48AE000A9E}.Debug|Any CPU.ActiveCfg = Debug|Any CPU
		{ADDE1674-9E16-44E4-8A39-3B48AE000A9E}.Debug|Any CPU.Build.0 = Debug|Any CPU
		{ADDE1674-9E16-44E4-8A39-3B48AE000A9E}.Release|Any CPU.ActiveCfg = Release|Any CPU
		{ADDE1674-9E16-44E4-8A39-3B48AE000A9E}.Release|Any CPU.Build.0 = Release|Any CPU
		{434987FE-F0CB-4417-A88F-68C7A3D9E45A}.Debug|Any CPU.ActiveCfg = Debug|Any CPU
		{434987FE-F0CB-4417-A88F-68C7A3D9E45A}.Debug|Any CPU.Build.0 = Debug|Any CPU
		{434987FE-F0CB-4417-A88F-68C7A3D9E45A}.Release|Any CPU.ActiveCfg = Release|Any CPU
		{434987FE-F0CB-4417-A88F-68C7A3D9E45A}.Release|Any CPU.Build.0 = Release|Any CPU
		{9F3A5715-247F-4844-809D-E7CB4612042E}.Debug|Any CPU.ActiveCfg = Debug|Any CPU
		{9F3A5715-247F-4844-809D-E7CB4612042E}.Debug|Any CPU.Build.0 = Debug|Any CPU
		{9F3A5715-247F-4844-809D-E7CB4612042E}.Release|Any CPU.ActiveCfg = Release|Any CPU
		{9F3A5715-247F-4844-809D-E7CB4612042E}.Release|Any CPU.Build.0 = Release|Any CPU
		{1DB62B7A-B6A2-4089-925D-D52A3AE51FC4}.Debug|Any CPU.ActiveCfg = Debug|Any CPU
		{1DB62B7A-B6A2-4089-925D-D52A3AE51FC4}.Debug|Any CPU.Build.0 = Debug|Any CPU
		{1DB62B7A-B6A2-4089-925D-D52A3AE51FC4}.Release|Any CPU.ActiveCfg = Release|Any CPU
		{1DB62B7A-B6A2-4089-925D-D52A3AE51FC4}.Release|Any CPU.Build.0 = Release|Any CPU
		{CC4032D9-1903-4F65-8493-5B79D1FC53CE}.Debug|Any CPU.ActiveCfg = Debug|Any CPU
		{CC4032D9-1903-4F65-8493-5B79D1FC53CE}.Debug|Any CPU.Build.0 = Debug|Any CPU
		{CC4032D9-1903-4F65-8493-5B79D1FC53CE}.Release|Any CPU.ActiveCfg = Release|Any CPU
		{CC4032D9-1903-4F65-8493-5B79D1FC53CE}.Release|Any CPU.Build.0 = Release|Any CPU
		{ECD196F5-52B9-40F5-BC32-27BA3E5E8A4F}.Debug|Any CPU.ActiveCfg = Debug|Any CPU
		{ECD196F5-52B9-40F5-BC32-27BA3E5E8A4F}.Debug|Any CPU.Build.0 = Debug|Any CPU
		{ECD196F5-52B9-40F5-BC32-27BA3E5E8A4F}.Release|Any CPU.ActiveCfg = Release|Any CPU
		{ECD196F5-52B9-40F5-BC32-27BA3E5E8A4F}.Release|Any CPU.Build.0 = Release|Any CPU
		{AE7D8ED2-78A9-434C-8A20-75BEEE5A959A}.Debug|Any CPU.ActiveCfg = Debug|Any CPU
		{AE7D8ED2-78A9-434C-8A20-75BEEE5A959A}.Debug|Any CPU.Build.0 = Debug|Any CPU
		{AE7D8ED2-78A9-434C-8A20-75BEEE5A959A}.Release|Any CPU.ActiveCfg = Release|Any CPU
		{AE7D8ED2-78A9-434C-8A20-75BEEE5A959A}.Release|Any CPU.Build.0 = Release|Any CPU
		{7BD82F27-4F7E-4FCE-8E77-DB4D00B26EE1}.Debug|Any CPU.ActiveCfg = Debug|Any CPU
		{7BD82F27-4F7E-4FCE-8E77-DB4D00B26EE1}.Debug|Any CPU.Build.0 = Debug|Any CPU
		{7BD82F27-4F7E-4FCE-8E77-DB4D00B26EE1}.Release|Any CPU.ActiveCfg = Release|Any CPU
		{7BD82F27-4F7E-4FCE-8E77-DB4D00B26EE1}.Release|Any CPU.Build.0 = Release|Any CPU
		{598748A0-0CD5-4BAB-BB59-CD4C4547CC41}.Debug|Any CPU.ActiveCfg = Debug|Any CPU
		{598748A0-0CD5-4BAB-BB59-CD4C4547CC41}.Debug|Any CPU.Build.0 = Debug|Any CPU
		{598748A0-0CD5-4BAB-BB59-CD4C4547CC41}.Release|Any CPU.ActiveCfg = Release|Any CPU
		{598748A0-0CD5-4BAB-BB59-CD4C4547CC41}.Release|Any CPU.Build.0 = Release|Any CPU
		{21317F4A-87D0-4C0D-B271-BF85FBCB91D2}.Debug|Any CPU.ActiveCfg = Debug|Any CPU
		{21317F4A-87D0-4C0D-B271-BF85FBCB91D2}.Debug|Any CPU.Build.0 = Debug|Any CPU
		{21317F4A-87D0-4C0D-B271-BF85FBCB91D2}.Release|Any CPU.ActiveCfg = Release|Any CPU
		{21317F4A-87D0-4C0D-B271-BF85FBCB91D2}.Release|Any CPU.Build.0 = Release|Any CPU
		{5A66763E-8351-4E9B-B18D-63C31AA8EFA7}.Debug|Any CPU.ActiveCfg = Debug|Any CPU
		{5A66763E-8351-4E9B-B18D-63C31AA8EFA7}.Debug|Any CPU.Build.0 = Debug|Any CPU
		{5A66763E-8351-4E9B-B18D-63C31AA8EFA7}.Release|Any CPU.ActiveCfg = Release|Any CPU
		{5A66763E-8351-4E9B-B18D-63C31AA8EFA7}.Release|Any CPU.Build.0 = Release|Any CPU
		{2F679046-AE4B-48AD-8FC0-F51B41E119A7}.Debug|Any CPU.ActiveCfg = Debug|Any CPU
		{2F679046-AE4B-48AD-8FC0-F51B41E119A7}.Debug|Any CPU.Build.0 = Debug|Any CPU
		{2F679046-AE4B-48AD-8FC0-F51B41E119A7}.Release|Any CPU.ActiveCfg = Release|Any CPU
		{2F679046-AE4B-48AD-8FC0-F51B41E119A7}.Release|Any CPU.Build.0 = Release|Any CPU
		{24BEF0C3-4199-4FFA-B560-5159B68EC114}.Debug|Any CPU.ActiveCfg = Debug|Any CPU
		{24BEF0C3-4199-4FFA-B560-5159B68EC114}.Debug|Any CPU.Build.0 = Debug|Any CPU
		{24BEF0C3-4199-4FFA-B560-5159B68EC114}.Release|Any CPU.ActiveCfg = Release|Any CPU
		{24BEF0C3-4199-4FFA-B560-5159B68EC114}.Release|Any CPU.Build.0 = Release|Any CPU
		{640173ED-2CC5-4FF5-8A6D-14AE5461503F}.Debug|Any CPU.ActiveCfg = Debug|Any CPU
		{640173ED-2CC5-4FF5-8A6D-14AE5461503F}.Debug|Any CPU.Build.0 = Debug|Any CPU
		{640173ED-2CC5-4FF5-8A6D-14AE5461503F}.Release|Any CPU.ActiveCfg = Release|Any CPU
		{640173ED-2CC5-4FF5-8A6D-14AE5461503F}.Release|Any CPU.Build.0 = Release|Any CPU
		{DE16857A-74CD-4EE8-91E1-F8C9AC39E33C}.Debug|Any CPU.ActiveCfg = Debug|Any CPU
		{DE16857A-74CD-4EE8-91E1-F8C9AC39E33C}.Debug|Any CPU.Build.0 = Debug|Any CPU
		{DE16857A-74CD-4EE8-91E1-F8C9AC39E33C}.Release|Any CPU.ActiveCfg = Release|Any CPU
		{DE16857A-74CD-4EE8-91E1-F8C9AC39E33C}.Release|Any CPU.Build.0 = Release|Any CPU
		{1700BA60-1876-46C2-A30B-FBA439F8BFCB}.Debug|Any CPU.ActiveCfg = Debug|Any CPU
		{1700BA60-1876-46C2-A30B-FBA439F8BFCB}.Debug|Any CPU.Build.0 = Debug|Any CPU
		{1700BA60-1876-46C2-A30B-FBA439F8BFCB}.Release|Any CPU.ActiveCfg = Release|Any CPU
		{1700BA60-1876-46C2-A30B-FBA439F8BFCB}.Release|Any CPU.Build.0 = Release|Any CPU
		{ABB9825D-5EBF-4817-A82F-2A6E085AE66C}.Debug|Any CPU.ActiveCfg = Debug|Any CPU
		{ABB9825D-5EBF-4817-A82F-2A6E085AE66C}.Debug|Any CPU.Build.0 = Debug|Any CPU
		{ABB9825D-5EBF-4817-A82F-2A6E085AE66C}.Release|Any CPU.ActiveCfg = Release|Any CPU
		{ABB9825D-5EBF-4817-A82F-2A6E085AE66C}.Release|Any CPU.Build.0 = Release|Any CPU
		{14379ACB-3154-4EEA-8FC0-CD320712C058}.Debug|Any CPU.ActiveCfg = Debug|Any CPU
		{14379ACB-3154-4EEA-8FC0-CD320712C058}.Debug|Any CPU.Build.0 = Debug|Any CPU
		{14379ACB-3154-4EEA-8FC0-CD320712C058}.Release|Any CPU.ActiveCfg = Release|Any CPU
		{14379ACB-3154-4EEA-8FC0-CD320712C058}.Release|Any CPU.Build.0 = Release|Any CPU
		{5F8038AA-32D2-49C2-ABA0-602FB799CAFC}.Debug|Any CPU.ActiveCfg = Debug|Any CPU
		{5F8038AA-32D2-49C2-ABA0-602FB799CAFC}.Debug|Any CPU.Build.0 = Debug|Any CPU
		{5F8038AA-32D2-49C2-ABA0-602FB799CAFC}.Release|Any CPU.ActiveCfg = Release|Any CPU
		{5F8038AA-32D2-49C2-ABA0-602FB799CAFC}.Release|Any CPU.Build.0 = Release|Any CPU
		{08AD79EA-F3F6-438E-90D8-8EB4F0117E42}.Debug|Any CPU.ActiveCfg = Debug|Any CPU
		{08AD79EA-F3F6-438E-90D8-8EB4F0117E42}.Debug|Any CPU.Build.0 = Debug|Any CPU
		{08AD79EA-F3F6-438E-90D8-8EB4F0117E42}.Release|Any CPU.ActiveCfg = Release|Any CPU
		{08AD79EA-F3F6-438E-90D8-8EB4F0117E42}.Release|Any CPU.Build.0 = Release|Any CPU
		{2830ABAD-CFA8-4C3A-9B5A-BE30774153DE}.Debug|Any CPU.ActiveCfg = Debug|Any CPU
		{2830ABAD-CFA8-4C3A-9B5A-BE30774153DE}.Debug|Any CPU.Build.0 = Debug|Any CPU
		{2830ABAD-CFA8-4C3A-9B5A-BE30774153DE}.Release|Any CPU.ActiveCfg = Release|Any CPU
		{2830ABAD-CFA8-4C3A-9B5A-BE30774153DE}.Release|Any CPU.Build.0 = Release|Any CPU
		{685564D0-C88B-417D-B795-D2BF812191EC}.Debug|Any CPU.ActiveCfg = Debug|Any CPU
		{685564D0-C88B-417D-B795-D2BF812191EC}.Debug|Any CPU.Build.0 = Debug|Any CPU
		{685564D0-C88B-417D-B795-D2BF812191EC}.Release|Any CPU.ActiveCfg = Release|Any CPU
		{685564D0-C88B-417D-B795-D2BF812191EC}.Release|Any CPU.Build.0 = Release|Any CPU
		{22A2C153-5E4B-4481-8443-029649AFDBC2}.Debug|Any CPU.ActiveCfg = Debug|Any CPU
		{22A2C153-5E4B-4481-8443-029649AFDBC2}.Debug|Any CPU.Build.0 = Debug|Any CPU
		{22A2C153-5E4B-4481-8443-029649AFDBC2}.Release|Any CPU.ActiveCfg = Release|Any CPU
		{22A2C153-5E4B-4481-8443-029649AFDBC2}.Release|Any CPU.Build.0 = Release|Any CPU
		{41D1FDE8-4D3A-4B7D-A052-C24C342F0365}.Debug|Any CPU.ActiveCfg = Debug|Any CPU
		{41D1FDE8-4D3A-4B7D-A052-C24C342F0365}.Debug|Any CPU.Build.0 = Debug|Any CPU
		{41D1FDE8-4D3A-4B7D-A052-C24C342F0365}.Release|Any CPU.ActiveCfg = Release|Any CPU
		{41D1FDE8-4D3A-4B7D-A052-C24C342F0365}.Release|Any CPU.Build.0 = Release|Any CPU
		{DC4D0B26-9E8C-4215-A0F2-E6B1198833FA}.Debug|Any CPU.ActiveCfg = Debug|Any CPU
		{DC4D0B26-9E8C-4215-A0F2-E6B1198833FA}.Debug|Any CPU.Build.0 = Debug|Any CPU
		{DC4D0B26-9E8C-4215-A0F2-E6B1198833FA}.Release|Any CPU.ActiveCfg = Release|Any CPU
		{DC4D0B26-9E8C-4215-A0F2-E6B1198833FA}.Release|Any CPU.Build.0 = Release|Any CPU
		{B90C06EF-3A33-4DC9-A0F6-A16D83B097E7}.Debug|Any CPU.ActiveCfg = Debug|Any CPU
		{B90C06EF-3A33-4DC9-A0F6-A16D83B097E7}.Debug|Any CPU.Build.0 = Debug|Any CPU
		{B90C06EF-3A33-4DC9-A0F6-A16D83B097E7}.Release|Any CPU.ActiveCfg = Release|Any CPU
		{B90C06EF-3A33-4DC9-A0F6-A16D83B097E7}.Release|Any CPU.Build.0 = Release|Any CPU
		{BAE6AC64-3424-4564-A9BB-A1BA1FACBBF7}.Debug|Any CPU.ActiveCfg = Debug|Any CPU
		{BAE6AC64-3424-4564-A9BB-A1BA1FACBBF7}.Debug|Any CPU.Build.0 = Debug|Any CPU
		{BAE6AC64-3424-4564-A9BB-A1BA1FACBBF7}.Release|Any CPU.ActiveCfg = Release|Any CPU
		{BAE6AC64-3424-4564-A9BB-A1BA1FACBBF7}.Release|Any CPU.Build.0 = Release|Any CPU
		{32C59FA5-E8D4-41FD-B5C9-DB0FE341C364}.Debug|Any CPU.ActiveCfg = Debug|Any CPU
		{32C59FA5-E8D4-41FD-B5C9-DB0FE341C364}.Debug|Any CPU.Build.0 = Debug|Any CPU
		{32C59FA5-E8D4-41FD-B5C9-DB0FE341C364}.Release|Any CPU.ActiveCfg = Release|Any CPU
		{32C59FA5-E8D4-41FD-B5C9-DB0FE341C364}.Release|Any CPU.Build.0 = Release|Any CPU
		{11D95D33-2F6C-4EB6-9501-1C67AD0032F9}.Debug|Any CPU.ActiveCfg = Debug|Any CPU
		{11D95D33-2F6C-4EB6-9501-1C67AD0032F9}.Debug|Any CPU.Build.0 = Debug|Any CPU
		{11D95D33-2F6C-4EB6-9501-1C67AD0032F9}.Release|Any CPU.ActiveCfg = Release|Any CPU
		{11D95D33-2F6C-4EB6-9501-1C67AD0032F9}.Release|Any CPU.Build.0 = Release|Any CPU
		{FCB4662D-BE20-4436-A3B2-E5A2969E37A5}.Debug|Any CPU.ActiveCfg = Debug|Any CPU
		{FCB4662D-BE20-4436-A3B2-E5A2969E37A5}.Debug|Any CPU.Build.0 = Debug|Any CPU
		{FCB4662D-BE20-4436-A3B2-E5A2969E37A5}.Release|Any CPU.ActiveCfg = Release|Any CPU
		{FCB4662D-BE20-4436-A3B2-E5A2969E37A5}.Release|Any CPU.Build.0 = Release|Any CPU
		{A8DA7BCD-E062-44D9-9FEC-576D1B49E048}.Debug|Any CPU.ActiveCfg = Debug|Any CPU
		{A8DA7BCD-E062-44D9-9FEC-576D1B49E048}.Debug|Any CPU.Build.0 = Debug|Any CPU
		{A8DA7BCD-E062-44D9-9FEC-576D1B49E048}.Release|Any CPU.ActiveCfg = Release|Any CPU
		{A8DA7BCD-E062-44D9-9FEC-576D1B49E048}.Release|Any CPU.Build.0 = Release|Any CPU
		{1B8AF7C7-0C52-435E-AA7A-FACDB12BCE72}.Debug|Any CPU.ActiveCfg = Debug|Any CPU
		{1B8AF7C7-0C52-435E-AA7A-FACDB12BCE72}.Debug|Any CPU.Build.0 = Debug|Any CPU
		{1B8AF7C7-0C52-435E-AA7A-FACDB12BCE72}.Release|Any CPU.ActiveCfg = Release|Any CPU
		{1B8AF7C7-0C52-435E-AA7A-FACDB12BCE72}.Release|Any CPU.Build.0 = Release|Any CPU
		{9D1ADB51-C97B-4575-BA9F-067D7093EC75}.Debug|Any CPU.ActiveCfg = Debug|Any CPU
		{9D1ADB51-C97B-4575-BA9F-067D7093EC75}.Debug|Any CPU.Build.0 = Debug|Any CPU
		{9D1ADB51-C97B-4575-BA9F-067D7093EC75}.Release|Any CPU.ActiveCfg = Release|Any CPU
		{9D1ADB51-C97B-4575-BA9F-067D7093EC75}.Release|Any CPU.Build.0 = Release|Any CPU
		{BCF42137-DCBA-452A-AD56-4CF0E16DA27C}.Debug|Any CPU.ActiveCfg = Debug|Any CPU
		{BCF42137-DCBA-452A-AD56-4CF0E16DA27C}.Debug|Any CPU.Build.0 = Debug|Any CPU
		{BCF42137-DCBA-452A-AD56-4CF0E16DA27C}.Release|Any CPU.ActiveCfg = Release|Any CPU
		{BCF42137-DCBA-452A-AD56-4CF0E16DA27C}.Release|Any CPU.Build.0 = Release|Any CPU
		{0DF2056F-9676-4448-8E7D-C1518915E76C}.Debug|Any CPU.ActiveCfg = Debug|Any CPU
		{0DF2056F-9676-4448-8E7D-C1518915E76C}.Debug|Any CPU.Build.0 = Debug|Any CPU
		{0DF2056F-9676-4448-8E7D-C1518915E76C}.Release|Any CPU.ActiveCfg = Release|Any CPU
		{0DF2056F-9676-4448-8E7D-C1518915E76C}.Release|Any CPU.Build.0 = Release|Any CPU
		{37CC1D4B-FED3-4ABF-A650-5E3B1D4BCFFA}.Debug|Any CPU.ActiveCfg = Debug|Any CPU
		{37CC1D4B-FED3-4ABF-A650-5E3B1D4BCFFA}.Debug|Any CPU.Build.0 = Debug|Any CPU
		{37CC1D4B-FED3-4ABF-A650-5E3B1D4BCFFA}.Release|Any CPU.ActiveCfg = Release|Any CPU
		{37CC1D4B-FED3-4ABF-A650-5E3B1D4BCFFA}.Release|Any CPU.Build.0 = Release|Any CPU
		{D5863489-C197-467B-A1F9-6331B9706B4F}.Debug|Any CPU.ActiveCfg = Debug|Any CPU
		{D5863489-C197-467B-A1F9-6331B9706B4F}.Debug|Any CPU.Build.0 = Debug|Any CPU
		{D5863489-C197-467B-A1F9-6331B9706B4F}.Release|Any CPU.ActiveCfg = Release|Any CPU
		{D5863489-C197-467B-A1F9-6331B9706B4F}.Release|Any CPU.Build.0 = Release|Any CPU
	EndGlobalSection
	GlobalSection(SolutionProperties) = preSolution
		HideSolutionNode = FALSE
	EndGlobalSection
	GlobalSection(NestedProjects) = preSolution
		{0131B4BE-29AE-4E44-A998-E5AA3F358776} = {66611876-5E6E-4F76-A50E-5D62A2300DB8}
		{40A7502E-89B5-4BFC-98B4-9EC3989BFCC6} = {66611876-5E6E-4F76-A50E-5D62A2300DB8}
		{C6341F59-E1F2-4B14-8B66-4B2BF4746543} = {E11CE084-ACD4-4C95-86EC-DCF61AF89340}
		{55CD2F0E-87AE-4296-B446-2F21E900AE8E} = {E11CE084-ACD4-4C95-86EC-DCF61AF89340}
		{44D80286-E6A9-4019-BC20-2D32AFDDD3FF} = {E11CE084-ACD4-4C95-86EC-DCF61AF89340}
		{783666DF-821C-4832-A161-18576627B9EF} = {E11CE084-ACD4-4C95-86EC-DCF61AF89340}
		{B208EBEE-BD6A-4432-9629-328808A8620A} = {E11CE084-ACD4-4C95-86EC-DCF61AF89340}
		{01A50999-B78B-465F-B810-52A7C1654239} = {E11CE084-ACD4-4C95-86EC-DCF61AF89340}
		{DB832991-E1F1-4E59-B92C-559C086EBD6E} = {B7862882-48BD-4BF3-B912-5A7B186C0CD1}
		{50503587-255D-4887-8654-D20C7C5E7AB0} = {B7862882-48BD-4BF3-B912-5A7B186C0CD1}
		{1A0F9552-B4B0-48E2-B7E6-751B985E54D2} = {B7862882-48BD-4BF3-B912-5A7B186C0CD1}
		{32BBA846-C801-464F-959D-2F93713F9BD5} = {B7862882-48BD-4BF3-B912-5A7B186C0CD1}
		{5408FB3E-9DDE-4A2D-B91C-B712CF7555C4} = {B7862882-48BD-4BF3-B912-5A7B186C0CD1}
		{9773F5B6-E8D3-4026-A7CA-D7B014190292} = {B7862882-48BD-4BF3-B912-5A7B186C0CD1}
		{15756475-53A7-4903-8860-5A30AE1B57A7} = {19D16649-CED6-42E5-8E54-539C5CCB9F97}
		{ADDE1674-9E16-44E4-8A39-3B48AE000A9E} = {19D16649-CED6-42E5-8E54-539C5CCB9F97}
		{434987FE-F0CB-4417-A88F-68C7A3D9E45A} = {19D16649-CED6-42E5-8E54-539C5CCB9F97}
		{9F3A5715-247F-4844-809D-E7CB4612042E} = {19D16649-CED6-42E5-8E54-539C5CCB9F97}
		{1DB62B7A-B6A2-4089-925D-D52A3AE51FC4} = {19D16649-CED6-42E5-8E54-539C5CCB9F97}
		{CC4032D9-1903-4F65-8493-5B79D1FC53CE} = {19D16649-CED6-42E5-8E54-539C5CCB9F97}
		{ECD196F5-52B9-40F5-BC32-27BA3E5E8A4F} = {19D16649-CED6-42E5-8E54-539C5CCB9F97}
		{AE7D8ED2-78A9-434C-8A20-75BEEE5A959A} = {ED552995-3DA1-4DB1-BBEF-516E37AD7705}
		{7BD82F27-4F7E-4FCE-8E77-DB4D00B26EE1} = {ED552995-3DA1-4DB1-BBEF-516E37AD7705}
		{598748A0-0CD5-4BAB-BB59-CD4C4547CC41} = {ED552995-3DA1-4DB1-BBEF-516E37AD7705}
		{21317F4A-87D0-4C0D-B271-BF85FBCB91D2} = {EF6C1F66-83C9-4B15-B223-B6B5790EBDDD}
		{5A66763E-8351-4E9B-B18D-63C31AA8EFA7} = {EF6C1F66-83C9-4B15-B223-B6B5790EBDDD}
		{2F679046-AE4B-48AD-8FC0-F51B41E119A7} = {EF6C1F66-83C9-4B15-B223-B6B5790EBDDD}
		{24BEF0C3-4199-4FFA-B560-5159B68EC114} = {EF6C1F66-83C9-4B15-B223-B6B5790EBDDD}
		{640173ED-2CC5-4FF5-8A6D-14AE5461503F} = {EF6C1F66-83C9-4B15-B223-B6B5790EBDDD}
		{DE16857A-74CD-4EE8-91E1-F8C9AC39E33C} = {EF6C1F66-83C9-4B15-B223-B6B5790EBDDD}
		{1700BA60-1876-46C2-A30B-FBA439F8BFCB} = {4AC06CBC-4BA5-41FF-A4AA-4A314EA2ACDA}
		{ABB9825D-5EBF-4817-A82F-2A6E085AE66C} = {4AC06CBC-4BA5-41FF-A4AA-4A314EA2ACDA}
		{14379ACB-3154-4EEA-8FC0-CD320712C058} = {3BBCAF85-CE9A-4807-91BF-B02410A1FD35}
		{5F8038AA-32D2-49C2-ABA0-602FB799CAFC} = {3BBCAF85-CE9A-4807-91BF-B02410A1FD35}
		{08AD79EA-F3F6-438E-90D8-8EB4F0117E42} = {36D591C7-65C7-A0D1-1CBC-10CDE441BDC8}
		{2830ABAD-CFA8-4C3A-9B5A-BE30774153DE} = {36D591C7-65C7-A0D1-1CBC-10CDE441BDC8}
		{685564D0-C88B-417D-B795-D2BF812191EC} = {87219943-6E5D-40F7-90EA-A21ED1D04728}
		{22A2C153-5E4B-4481-8443-029649AFDBC2} = {87219943-6E5D-40F7-90EA-A21ED1D04728}
		{41D1FDE8-4D3A-4B7D-A052-C24C342F0365} = {87219943-6E5D-40F7-90EA-A21ED1D04728}
		{DC4D0B26-9E8C-4215-A0F2-E6B1198833FA} = {87219943-6E5D-40F7-90EA-A21ED1D04728}
		{B90C06EF-3A33-4DC9-A0F6-A16D83B097E7} = {E297CE3E-4B8C-4A6E-ADB1-4A810BC6CCD1}
		{BAE6AC64-3424-4564-A9BB-A1BA1FACBBF7} = {E297CE3E-4B8C-4A6E-ADB1-4A810BC6CCD1}
		{32C59FA5-E8D4-41FD-B5C9-DB0FE341C364} = {E297CE3E-4B8C-4A6E-ADB1-4A810BC6CCD1}
		{11D95D33-2F6C-4EB6-9501-1C67AD0032F9} = {E297CE3E-4B8C-4A6E-ADB1-4A810BC6CCD1}
		{FCB4662D-BE20-4436-A3B2-E5A2969E37A5} = {E297CE3E-4B8C-4A6E-ADB1-4A810BC6CCD1}
		{A8DA7BCD-E062-44D9-9FEC-576D1B49E048} = {C294B290-20D2-4E9C-B5C9-B28AC2206987}
		{1B8AF7C7-0C52-435E-AA7A-FACDB12BCE72} = {D93CE407-13CD-4A78-912E-078303341F16}
		{9D1ADB51-C97B-4575-BA9F-067D7093EC75} = {D93CE407-13CD-4A78-912E-078303341F16}
		{BCF42137-DCBA-452A-AD56-4CF0E16DA27C} = {D93CE407-13CD-4A78-912E-078303341F16}
		{0DF2056F-9676-4448-8E7D-C1518915E76C} = {90A01CE3-8EDF-4E35-BB39-18FB0A79A491}
		{37CC1D4B-FED3-4ABF-A650-5E3B1D4BCFFA} = {7D92C979-E319-491A-8186-7FA4AA0600C4}
		{D5863489-C197-467B-A1F9-6331B9706B4F} = {792575F9-3686-4294-B1B2-68F2F36AAB04}
	EndGlobalSection
	GlobalSection(ExtensibilityGlobals) = postSolution
		SolutionGuid = {AE8B6592-3EE0-492E-8D2A-51A2FFBE7047}
	EndGlobalSection
EndGlobal
